
Microsoft Visual Studio Solution File, Format Version 12.00
# Visual Studio Version 17
VisualStudioVersion = 17.7.34009.444
MinimumVisualStudioVersion = 10.0.40219.1
Project("{FAE04EC0-301F-11D3-BF4B-00C04F79EFBC}") = "Gerenciamento de tarefa", "Gerenciamento de tarefa\Gerenciamento de tarefa.csproj", "{2052FAC9-3D3C-4041-B0D8-ED595E1D4064}"
EndProject
Global
	GlobalSection(SolutionConfigurationPlatforms) = preSolution
		Debug|Any CPU = Debug|Any CPU
		Release|Any CPU = Release|Any CPU
	EndGlobalSection
	GlobalSection(ProjectConfigurationPlatforms) = postSolution
		{2052FAC9-3D3C-4041-B0D8-ED595E1D4064}.Debug|Any CPU.ActiveCfg = Debug|Any CPU
		{2052FAC9-3D3C-4041-B0D8-ED595E1D4064}.Debug|Any CPU.Build.0 = Debug|Any CPU
		{2052FAC9-3D3C-4041-B0D8-ED595E1D4064}.Release|Any CPU.ActiveCfg = Release|Any CPU
		{2052FAC9-3D3C-4041-B0D8-ED595E1D4064}.Release|Any CPU.Build.0 = Release|Any CPU
	EndGlobalSection
	GlobalSection(SolutionProperties) = preSolution
		HideSolutionNode = FALSE
	EndGlobalSection
	GlobalSection(ExtensibilityGlobals) = postSolution
		SolutionGuid = {E5F37F5A-44DF-4D30-937E-1B1D72467BD4}
	EndGlobalSection
EndGlobal
